{
  "name": "links",
  "version": "1.0.0",
  "lockfileVersion": 1,
  "requires": true,
  "dependencies": {
    "md-builder": {
      "version": "1.0.3",
      "resolved": "https://registry.npmjs.org/md-builder/-/md-builder-1.0.3.tgz",
      "integrity": "sha512-4ZT7KVf+h9v713oNoXBiZfpoUuMd2VGRd2Nyfvo6XTADE347UU5bvZFj2r5fWUpI0DSpYcPF/U2ndpwmAAYu6A=="
    },
    "recursive-entries": {
      "version": "1.0.1",
      "resolved": "https://registry.npmjs.org/recursive-entries/-/recursive-entries-1.0.1.tgz",
      "integrity": "sha512-Q1sy7qwAh+NMnvQnBLwnmSBeqUzsVDkXGLaguPhKN93+84kkF638ePvGoquzjdCIfnTaa7uCFXJ4hQAPO3Ijgg=="
    }
  }
}
